// !$*UTF8*$!
{
	archiveVersion = 1;
	classes = {
	};
	objectVersion = 50;
	objects = {

/* Begin PBXBuildFile section */
		780755BB2180EF5700BCF19A /* HEX.swift in Sources */ = {isa = PBXBuildFile; fileRef = 780755BA2180EF5700BCF19A /* HEX.swift */; };
		780755BD2180F0CB00BCF19A /* Validation.swift in Sources */ = {isa = PBXBuildFile; fileRef = 780755BC2180F0CB00BCF19A /* Validation.swift */; };
		780755BF2180F24F00BCF19A /* Crypto.swift in Sources */ = {isa = PBXBuildFile; fileRef = 780755BE2180F24F00BCF19A /* Crypto.swift */; };
		7814D32821A672AA00190F64 /* Error.swift in Sources */ = {isa = PBXBuildFile; fileRef = 787D8FA32179317C0058D6CF /* Error.swift */; };
		7814D32921A672AA00190F64 /* Date.swift in Sources */ = {isa = PBXBuildFile; fileRef = 787D8F942179317C0058D6CF /* Date.swift */; };
		7814D32A21A672AA00190F64 /* Data.swift in Sources */ = {isa = PBXBuildFile; fileRef = 787D8F962179317C0058D6CF /* Data.swift */; };
		7814D32B21A672AA00190F64 /* String.swift in Sources */ = {isa = PBXBuildFile; fileRef = 787D8FA02179317C0058D6CF /* String.swift */; };
		7814D32C21A672AA00190F64 /* Numbers.swift in Sources */ = {isa = PBXBuildFile; fileRef = 787D8F9A2179317C0058D6CF /* Numbers.swift */; };
		7814D32D21A672AA00190F64 /* Bool.swift in Sources */ = {isa = PBXBuildFile; fileRef = 78E3B9712182E5A400014165 /* Bool.swift */; };
		7814D32E21A672AA00190F64 /* Int.swift in Sources */ = {isa = PBXBuildFile; fileRef = 78E3B9732182E5AA00014165 /* Int.swift */; };
		7814D32F21A672AA00190F64 /* Float.swift in Sources */ = {isa = PBXBuildFile; fileRef = 78E3B9752182E5CA00014165 /* Float.swift */; };
		7814D33021A672AA00190F64 /* Double.swift in Sources */ = {isa = PBXBuildFile; fileRef = 78E3B9772182E5CF00014165 /* Double.swift */; };
		7814D33121A672B200190F64 /* Transformable.swift in Sources */ = {isa = PBXBuildFile; fileRef = 780755C021810FB500BCF19A /* Transformable.swift */; };
		7814D33221A672D300190F64 /* Transformable.swift in Sources */ = {isa = PBXBuildFile; fileRef = 780755C021810FB500BCF19A /* Transformable.swift */; };
		7814D33321A672D400190F64 /* Transformable.swift in Sources */ = {isa = PBXBuildFile; fileRef = 780755C021810FB500BCF19A /* Transformable.swift */; };
		7814D33421A672D500190F64 /* Transformable.swift in Sources */ = {isa = PBXBuildFile; fileRef = 780755C021810FB500BCF19A /* Transformable.swift */; };
		781F79F4219D294200431263 /* Pair.swift in Sources */ = {isa = PBXBuildFile; fileRef = 781F79F3219D294200431263 /* Pair.swift */; };
		781F79F5219D295700431263 /* Pair.swift in Sources */ = {isa = PBXBuildFile; fileRef = 781F79F3219D294200431263 /* Pair.swift */; };
		781F79F6219D295800431263 /* Pair.swift in Sources */ = {isa = PBXBuildFile; fileRef = 781F79F3219D294200431263 /* Pair.swift */; };
		781F79F7219D295800431263 /* Pair.swift in Sources */ = {isa = PBXBuildFile; fileRef = 781F79F3219D294200431263 /* Pair.swift */; };
		7823A2312182448E00C1D158 /* Transform.swift in Sources */ = {isa = PBXBuildFile; fileRef = 7823A2302182448E00C1D158 /* Transform.swift */; };
		7823A233218246D000C1D158 /* Localizable.strings in Resources */ = {isa = PBXBuildFile; fileRef = 7823A232218246D000C1D158 /* Localizable.strings */; };
		7823A23521824BE400C1D158 /* OperatorsAutogen.swift in Sources */ = {isa = PBXBuildFile; fileRef = 7823A23421824BE400C1D158 /* OperatorsAutogen.swift */; };
		78446520217BDBC1008F6C9D /* Log.swift in Sources */ = {isa = PBXBuildFile; fileRef = 7844651F217BDBC1008F6C9D /* Log.swift */; };
		78446521217BDBDA008F6C9D /* Log.swift in Sources */ = {isa = PBXBuildFile; fileRef = 7844651F217BDBC1008F6C9D /* Log.swift */; };
		78446522217BDBDA008F6C9D /* Log.swift in Sources */ = {isa = PBXBuildFile; fileRef = 7844651F217BDBC1008F6C9D /* Log.swift */; };
		78446523217BDBDB008F6C9D /* Log.swift in Sources */ = {isa = PBXBuildFile; fileRef = 7844651F217BDBC1008F6C9D /* Log.swift */; };
		787D8E6E21792A7D0058D6CF /* DCUtils_iOS.h in Headers */ = {isa = PBXBuildFile; fileRef = 787D8E6C21792A7D0058D6CF /* DCUtils_iOS.h */; settings = {ATTRIBUTES = (Public, ); }; };
		787D8E7B21792A8A0058D6CF /* DCUtils_macOS.h in Headers */ = {isa = PBXBuildFile; fileRef = 787D8E7921792A8A0058D6CF /* DCUtils_macOS.h */; settings = {ATTRIBUTES = (Public, ); }; };
		787D8E8821792A940058D6CF /* DCUtils_watchOS.h in Headers */ = {isa = PBXBuildFile; fileRef = 787D8E8621792A940058D6CF /* DCUtils_watchOS.h */; settings = {ATTRIBUTES = (Public, ); }; };
		787D8E9521792AB10058D6CF /* DCUtils_tvOS.h in Headers */ = {isa = PBXBuildFile; fileRef = 787D8E9321792AB10058D6CF /* DCUtils_tvOS.h */; settings = {ATTRIBUTES = (Public, ); }; };
		787D8EA021792ABF0058D6CF /* AppDelegate.swift in Sources */ = {isa = PBXBuildFile; fileRef = 787D8E9F21792ABF0058D6CF /* AppDelegate.swift */; };
		787D8EA221792ABF0058D6CF /* ViewController.swift in Sources */ = {isa = PBXBuildFile; fileRef = 787D8EA121792ABF0058D6CF /* ViewController.swift */; };
		787D8EA521792ABF0058D6CF /* Main.storyboard in Resources */ = {isa = PBXBuildFile; fileRef = 787D8EA321792ABF0058D6CF /* Main.storyboard */; };
		787D8EA721792ABF0058D6CF /* Assets.xcassets in Resources */ = {isa = PBXBuildFile; fileRef = 787D8EA621792ABF0058D6CF /* Assets.xcassets */; };
		787D8EAA21792ABF0058D6CF /* LaunchScreen.storyboard in Resources */ = {isa = PBXBuildFile; fileRef = 787D8EA821792ABF0058D6CF /* LaunchScreen.storyboard */; };
		787D8FAA2179317C0058D6CF /* Date.swift in Sources */ = {isa = PBXBuildFile; fileRef = 787D8F942179317C0058D6CF /* Date.swift */; };
		787D8FAB2179317C0058D6CF /* Date.swift in Sources */ = {isa = PBXBuildFile; fileRef = 787D8F942179317C0058D6CF /* Date.swift */; };
		787D8FAC2179317C0058D6CF /* Date.swift in Sources */ = {isa = PBXBuildFile; fileRef = 787D8F942179317C0058D6CF /* Date.swift */; };
		787D8FB22179317C0058D6CF /* Data.swift in Sources */ = {isa = PBXBuildFile; fileRef = 787D8F962179317C0058D6CF /* Data.swift */; };
		787D8FB32179317C0058D6CF /* Data.swift in Sources */ = {isa = PBXBuildFile; fileRef = 787D8F962179317C0058D6CF /* Data.swift */; };
		787D8FB42179317C0058D6CF /* Data.swift in Sources */ = {isa = PBXBuildFile; fileRef = 787D8F962179317C0058D6CF /* Data.swift */; };
		787D8FB52179317C0058D6CF /* Locale.swift in Sources */ = {isa = PBXBuildFile; fileRef = 787D8F972179317C0058D6CF /* Locale.swift */; };
		787D8FB62179317C0058D6CF /* Locale.swift in Sources */ = {isa = PBXBuildFile; fileRef = 787D8F972179317C0058D6CF /* Locale.swift */; };
		787D8FB72179317C0058D6CF /* Locale.swift in Sources */ = {isa = PBXBuildFile; fileRef = 787D8F972179317C0058D6CF /* Locale.swift */; };
		787D8FB82179317C0058D6CF /* Locale.swift in Sources */ = {isa = PBXBuildFile; fileRef = 787D8F972179317C0058D6CF /* Locale.swift */; };
		787D8FB92179317C0058D6CF /* Runtime.swift in Sources */ = {isa = PBXBuildFile; fileRef = 787D8F982179317C0058D6CF /* Runtime.swift */; };
		787D8FBA2179317C0058D6CF /* Runtime.swift in Sources */ = {isa = PBXBuildFile; fileRef = 787D8F982179317C0058D6CF /* Runtime.swift */; };
		787D8FBB2179317C0058D6CF /* Runtime.swift in Sources */ = {isa = PBXBuildFile; fileRef = 787D8F982179317C0058D6CF /* Runtime.swift */; };
		787D8FBC2179317C0058D6CF /* Runtime.swift in Sources */ = {isa = PBXBuildFile; fileRef = 787D8F982179317C0058D6CF /* Runtime.swift */; };
		787D8FBD2179317C0058D6CF /* Storage.swift in Sources */ = {isa = PBXBuildFile; fileRef = 787D8F992179317C0058D6CF /* Storage.swift */; };
		787D8FBE2179317C0058D6CF /* Storage.swift in Sources */ = {isa = PBXBuildFile; fileRef = 787D8F992179317C0058D6CF /* Storage.swift */; };
		787D8FBF2179317C0058D6CF /* Storage.swift in Sources */ = {isa = PBXBuildFile; fileRef = 787D8F992179317C0058D6CF /* Storage.swift */; };
		787D8FC02179317C0058D6CF /* Storage.swift in Sources */ = {isa = PBXBuildFile; fileRef = 787D8F992179317C0058D6CF /* Storage.swift */; };
		787D8FC22179317C0058D6CF /* Numbers.swift in Sources */ = {isa = PBXBuildFile; fileRef = 787D8F9A2179317C0058D6CF /* Numbers.swift */; };
		787D8FC32179317C0058D6CF /* Numbers.swift in Sources */ = {isa = PBXBuildFile; fileRef = 787D8F9A2179317C0058D6CF /* Numbers.swift */; };
		787D8FC42179317C0058D6CF /* Numbers.swift in Sources */ = {isa = PBXBuildFile; fileRef = 787D8F9A2179317C0058D6CF /* Numbers.swift */; };
		787D8FD12179317C0058D6CF /* Notification.swift in Sources */ = {isa = PBXBuildFile; fileRef = 787D8F9E2179317C0058D6CF /* Notification.swift */; };
		787D8FD22179317C0058D6CF /* Notification.swift in Sources */ = {isa = PBXBuildFile; fileRef = 787D8F9E2179317C0058D6CF /* Notification.swift */; };
		787D8FD32179317C0058D6CF /* Notification.swift in Sources */ = {isa = PBXBuildFile; fileRef = 787D8F9E2179317C0058D6CF /* Notification.swift */; };
		787D8FD42179317C0058D6CF /* Notification.swift in Sources */ = {isa = PBXBuildFile; fileRef = 787D8F9E2179317C0058D6CF /* Notification.swift */; };
		787D8FD52179317C0058D6CF /* URL.swift in Sources */ = {isa = PBXBuildFile; fileRef = 787D8F9F2179317C0058D6CF /* URL.swift */; };
		787D8FD62179317C0058D6CF /* URL.swift in Sources */ = {isa = PBXBuildFile; fileRef = 787D8F9F2179317C0058D6CF /* URL.swift */; };
		787D8FD72179317C0058D6CF /* URL.swift in Sources */ = {isa = PBXBuildFile; fileRef = 787D8F9F2179317C0058D6CF /* URL.swift */; };
		787D8FD82179317C0058D6CF /* URL.swift in Sources */ = {isa = PBXBuildFile; fileRef = 787D8F9F2179317C0058D6CF /* URL.swift */; };
		787D8FDA2179317C0058D6CF /* String.swift in Sources */ = {isa = PBXBuildFile; fileRef = 787D8FA02179317C0058D6CF /* String.swift */; };
		787D8FDB2179317C0058D6CF /* String.swift in Sources */ = {isa = PBXBuildFile; fileRef = 787D8FA02179317C0058D6CF /* String.swift */; };
		787D8FDC2179317C0058D6CF /* String.swift in Sources */ = {isa = PBXBuildFile; fileRef = 787D8FA02179317C0058D6CF /* String.swift */; };
		787D8FDD2179317C0058D6CF /* UserDefaults.swift in Sources */ = {isa = PBXBuildFile; fileRef = 787D8FA12179317C0058D6CF /* UserDefaults.swift */; };
		787D8FDE2179317C0058D6CF /* UserDefaults.swift in Sources */ = {isa = PBXBuildFile; fileRef = 787D8FA12179317C0058D6CF /* UserDefaults.swift */; };
		787D8FDF2179317C0058D6CF /* UserDefaults.swift in Sources */ = {isa = PBXBuildFile; fileRef = 787D8FA12179317C0058D6CF /* UserDefaults.swift */; };
		787D8FE02179317C0058D6CF /* UserDefaults.swift in Sources */ = {isa = PBXBuildFile; fileRef = 787D8FA12179317C0058D6CF /* UserDefaults.swift */; };
		787D8FE12179317C0058D6CF /* Bundle.swift in Sources */ = {isa = PBXBuildFile; fileRef = 787D8FA22179317C0058D6CF /* Bundle.swift */; };
		787D8FE22179317C0058D6CF /* Bundle.swift in Sources */ = {isa = PBXBuildFile; fileRef = 787D8FA22179317C0058D6CF /* Bundle.swift */; };
		787D8FE32179317C0058D6CF /* Bundle.swift in Sources */ = {isa = PBXBuildFile; fileRef = 787D8FA22179317C0058D6CF /* Bundle.swift */; };
		787D8FE42179317C0058D6CF /* Bundle.swift in Sources */ = {isa = PBXBuildFile; fileRef = 787D8FA22179317C0058D6CF /* Bundle.swift */; };
		787D8FE62179317C0058D6CF /* Error.swift in Sources */ = {isa = PBXBuildFile; fileRef = 787D8FA32179317C0058D6CF /* Error.swift */; };
		787D8FE72179317C0058D6CF /* Error.swift in Sources */ = {isa = PBXBuildFile; fileRef = 787D8FA32179317C0058D6CF /* Error.swift */; };
		787D8FE82179317C0058D6CF /* Error.swift in Sources */ = {isa = PBXBuildFile; fileRef = 787D8FA32179317C0058D6CF /* Error.swift */; };
		787D8FE92179317C0058D6CF /* Geometry.swift in Sources */ = {isa = PBXBuildFile; fileRef = 787D8FA52179317C0058D6CF /* Geometry.swift */; };
		787D8FEA2179317C0058D6CF /* Geometry.swift in Sources */ = {isa = PBXBuildFile; fileRef = 787D8FA52179317C0058D6CF /* Geometry.swift */; };
		787D8FEB2179317C0058D6CF /* Geometry.swift in Sources */ = {isa = PBXBuildFile; fileRef = 787D8FA52179317C0058D6CF /* Geometry.swift */; };
		787D8FEC2179317C0058D6CF /* Geometry.swift in Sources */ = {isa = PBXBuildFile; fileRef = 787D8FA52179317C0058D6CF /* Geometry.swift */; };
		787D8FF12179317C0058D6CF /* DeepLink.swift in Sources */ = {isa = PBXBuildFile; fileRef = 787D8FA72179317C0058D6CF /* DeepLink.swift */; };
		787D8FF22179317C0058D6CF /* DeepLink.swift in Sources */ = {isa = PBXBuildFile; fileRef = 787D8FA72179317C0058D6CF /* DeepLink.swift */; };
		787D8FF32179317C0058D6CF /* DeepLink.swift in Sources */ = {isa = PBXBuildFile; fileRef = 787D8FA72179317C0058D6CF /* DeepLink.swift */; };
		787D8FF42179317C0058D6CF /* DeepLink.swift in Sources */ = {isa = PBXBuildFile; fileRef = 787D8FA72179317C0058D6CF /* DeepLink.swift */; };
		787D8FF52179317C0058D6CF /* Utils.swift in Sources */ = {isa = PBXBuildFile; fileRef = 787D8FA82179317C0058D6CF /* Utils.swift */; };
		787D8FF62179317C0058D6CF /* Utils.swift in Sources */ = {isa = PBXBuildFile; fileRef = 787D8FA82179317C0058D6CF /* Utils.swift */; };
		787D8FF72179317C0058D6CF /* Utils.swift in Sources */ = {isa = PBXBuildFile; fileRef = 787D8FA82179317C0058D6CF /* Utils.swift */; };
		787D8FF82179317C0058D6CF /* Utils.swift in Sources */ = {isa = PBXBuildFile; fileRef = 787D8FA82179317C0058D6CF /* Utils.swift */; };
		78CF3A53217FAA04004B5089 /* Localization.swift in Sources */ = {isa = PBXBuildFile; fileRef = 78CF3A52217FAA04004B5089 /* Localization.swift */; };
		78CF3A54217FAA04004B5089 /* Localization.swift in Sources */ = {isa = PBXBuildFile; fileRef = 78CF3A52217FAA04004B5089 /* Localization.swift */; };
		78CF3A55217FAA04004B5089 /* Localization.swift in Sources */ = {isa = PBXBuildFile; fileRef = 78CF3A52217FAA04004B5089 /* Localization.swift */; };
		78CF3A56217FAA04004B5089 /* Localization.swift in Sources */ = {isa = PBXBuildFile; fileRef = 78CF3A52217FAA04004B5089 /* Localization.swift */; };
		78CF3A5D217FBB9E004B5089 /* Collections.swift in Sources */ = {isa = PBXBuildFile; fileRef = 78CF3A5C217FBB9E004B5089 /* Collections.swift */; };
		78CF3A5E217FBB9E004B5089 /* Collections.swift in Sources */ = {isa = PBXBuildFile; fileRef = 78CF3A5C217FBB9E004B5089 /* Collections.swift */; };
		78CF3A5F217FBB9E004B5089 /* Collections.swift in Sources */ = {isa = PBXBuildFile; fileRef = 78CF3A5C217FBB9E004B5089 /* Collections.swift */; };
		78CF3A60217FBB9E004B5089 /* Collections.swift in Sources */ = {isa = PBXBuildFile; fileRef = 78CF3A5C217FBB9E004B5089 /* Collections.swift */; };
		78CF3A62217FBF8C004B5089 /* Coding.swift in Sources */ = {isa = PBXBuildFile; fileRef = 78CF3A61217FBF8C004B5089 /* Coding.swift */; };
		78CF3A63217FBF8C004B5089 /* Coding.swift in Sources */ = {isa = PBXBuildFile; fileRef = 78CF3A61217FBF8C004B5089 /* Coding.swift */; };
		78CF3A64217FBF8C004B5089 /* Coding.swift in Sources */ = {isa = PBXBuildFile; fileRef = 78CF3A61217FBF8C004B5089 /* Coding.swift */; };
		78CF3A65217FBF8C004B5089 /* Coding.swift in Sources */ = {isa = PBXBuildFile; fileRef = 78CF3A61217FBF8C004B5089 /* Coding.swift */; };
/* End PBXBuildFile section */

/* Begin PBXFileReference section */
		780755BA2180EF5700BCF19A /* HEX.swift */ = {isa = PBXFileReference; lastKnownFileType = sourcecode.swift; path = HEX.swift; sourceTree = "<group>"; };
		780755BC2180F0CB00BCF19A /* Validation.swift */ = {isa = PBXFileReference; lastKnownFileType = sourcecode.swift; path = Validation.swift; sourceTree = "<group>"; };
		780755BE2180F24F00BCF19A /* Crypto.swift */ = {isa = PBXFileReference; lastKnownFileType = sourcecode.swift; path = Crypto.swift; sourceTree = "<group>"; };
		780755C021810FB500BCF19A /* Transformable.swift */ = {isa = PBXFileReference; lastKnownFileType = sourcecode.swift; path = Transformable.swift; sourceTree = "<group>"; };
		781F79F3219D294200431263 /* Pair.swift */ = {isa = PBXFileReference; lastKnownFileType = sourcecode.swift; path = Pair.swift; sourceTree = "<group>"; };
		7823A2302182448E00C1D158 /* Transform.swift */ = {isa = PBXFileReference; lastKnownFileType = sourcecode.swift; path = Transform.swift; sourceTree = "<group>"; };
		7823A232218246D000C1D158 /* Localizable.strings */ = {isa = PBXFileReference; lastKnownFileType = text.plist.strings; path = Localizable.strings; sourceTree = "<group>"; };
		7823A23421824BE400C1D158 /* OperatorsAutogen.swift */ = {isa = PBXFileReference; lastKnownFileType = sourcecode.swift; path = OperatorsAutogen.swift; sourceTree = "<group>"; };
		7844651F217BDBC1008F6C9D /* Log.swift */ = {isa = PBXFileReference; lastKnownFileType = sourcecode.swift; path = Log.swift; sourceTree = "<group>"; };
		787D8E6A21792A7D0058D6CF /* DCUtils.framework */ = {isa = PBXFileReference; explicitFileType = wrapper.framework; includeInIndex = 0; path = DCUtils.framework; sourceTree = BUILT_PRODUCTS_DIR; };
		787D8E6C21792A7D0058D6CF /* DCUtils_iOS.h */ = {isa = PBXFileReference; lastKnownFileType = sourcecode.c.h; path = DCUtils_iOS.h; sourceTree = "<group>"; };
		787D8E6D21792A7D0058D6CF /* Info.plist */ = {isa = PBXFileReference; lastKnownFileType = text.plist.xml; path = Info.plist; sourceTree = "<group>"; };
		787D8E7721792A8A0058D6CF /* DCUtils.framework */ = {isa = PBXFileReference; explicitFileType = wrapper.framework; includeInIndex = 0; path = DCUtils.framework; sourceTree = BUILT_PRODUCTS_DIR; };
		787D8E7921792A8A0058D6CF /* DCUtils_macOS.h */ = {isa = PBXFileReference; lastKnownFileType = sourcecode.c.h; path = DCUtils_macOS.h; sourceTree = "<group>"; };
		787D8E7A21792A8A0058D6CF /* Info.plist */ = {isa = PBXFileReference; lastKnownFileType = text.plist.xml; path = Info.plist; sourceTree = "<group>"; };
		787D8E8421792A940058D6CF /* DCUtils.framework */ = {isa = PBXFileReference; explicitFileType = wrapper.framework; includeInIndex = 0; path = DCUtils.framework; sourceTree = BUILT_PRODUCTS_DIR; };
		787D8E8621792A940058D6CF /* DCUtils_watchOS.h */ = {isa = PBXFileReference; lastKnownFileType = sourcecode.c.h; path = DCUtils_watchOS.h; sourceTree = "<group>"; };
		787D8E8721792A940058D6CF /* Info.plist */ = {isa = PBXFileReference; lastKnownFileType = text.plist.xml; path = Info.plist; sourceTree = "<group>"; };
		787D8E9121792AB10058D6CF /* DCUtils.framework */ = {isa = PBXFileReference; explicitFileType = wrapper.framework; includeInIndex = 0; path = DCUtils.framework; sourceTree = BUILT_PRODUCTS_DIR; };
		787D8E9321792AB10058D6CF /* DCUtils_tvOS.h */ = {isa = PBXFileReference; lastKnownFileType = sourcecode.c.h; path = DCUtils_tvOS.h; sourceTree = "<group>"; };
		787D8E9421792AB10058D6CF /* Info.plist */ = {isa = PBXFileReference; lastKnownFileType = text.plist.xml; path = Info.plist; sourceTree = "<group>"; };
		787D8E9D21792ABE0058D6CF /* TestApp-iOS.app */ = {isa = PBXFileReference; explicitFileType = wrapper.application; includeInIndex = 0; path = "TestApp-iOS.app"; sourceTree = BUILT_PRODUCTS_DIR; };
		787D8E9F21792ABF0058D6CF /* AppDelegate.swift */ = {isa = PBXFileReference; lastKnownFileType = sourcecode.swift; path = AppDelegate.swift; sourceTree = "<group>"; };
		787D8EA121792ABF0058D6CF /* ViewController.swift */ = {isa = PBXFileReference; lastKnownFileType = sourcecode.swift; path = ViewController.swift; sourceTree = "<group>"; };
		787D8EA421792ABF0058D6CF /* Base */ = {isa = PBXFileReference; lastKnownFileType = file.storyboard; name = Base; path = Base.lproj/Main.storyboard; sourceTree = "<group>"; };
		787D8EA621792ABF0058D6CF /* Assets.xcassets */ = {isa = PBXFileReference; lastKnownFileType = folder.assetcatalog; path = Assets.xcassets; sourceTree = "<group>"; };
		787D8EA921792ABF0058D6CF /* Base */ = {isa = PBXFileReference; lastKnownFileType = file.storyboard; name = Base; path = Base.lproj/LaunchScreen.storyboard; sourceTree = "<group>"; };
		787D8EAB21792ABF0058D6CF /* Info.plist */ = {isa = PBXFileReference; lastKnownFileType = text.plist.xml; path = Info.plist; sourceTree = "<group>"; };
		787D8F942179317C0058D6CF /* Date.swift */ = {isa = PBXFileReference; fileEncoding = 4; lastKnownFileType = sourcecode.swift; path = Date.swift; sourceTree = "<group>"; };
		787D8F962179317C0058D6CF /* Data.swift */ = {isa = PBXFileReference; fileEncoding = 4; lastKnownFileType = sourcecode.swift; path = Data.swift; sourceTree = "<group>"; };
		787D8F972179317C0058D6CF /* Locale.swift */ = {isa = PBXFileReference; fileEncoding = 4; lastKnownFileType = sourcecode.swift; path = Locale.swift; sourceTree = "<group>"; };
		787D8F982179317C0058D6CF /* Runtime.swift */ = {isa = PBXFileReference; fileEncoding = 4; lastKnownFileType = sourcecode.swift; path = Runtime.swift; sourceTree = "<group>"; };
		787D8F992179317C0058D6CF /* Storage.swift */ = {isa = PBXFileReference; fileEncoding = 4; lastKnownFileType = sourcecode.swift; path = Storage.swift; sourceTree = "<group>"; };
		787D8F9A2179317C0058D6CF /* Numbers.swift */ = {isa = PBXFileReference; fileEncoding = 4; lastKnownFileType = sourcecode.swift; path = Numbers.swift; sourceTree = "<group>"; };
		787D8F9E2179317C0058D6CF /* Notification.swift */ = {isa = PBXFileReference; fileEncoding = 4; lastKnownFileType = sourcecode.swift; path = Notification.swift; sourceTree = "<group>"; };
		787D8F9F2179317C0058D6CF /* URL.swift */ = {isa = PBXFileReference; fileEncoding = 4; lastKnownFileType = sourcecode.swift; path = URL.swift; sourceTree = "<group>"; };
		787D8FA02179317C0058D6CF /* String.swift */ = {isa = PBXFileReference; fileEncoding = 4; lastKnownFileType = sourcecode.swift; path = String.swift; sourceTree = "<group>"; };
		787D8FA12179317C0058D6CF /* UserDefaults.swift */ = {isa = PBXFileReference; fileEncoding = 4; lastKnownFileType = sourcecode.swift; path = UserDefaults.swift; sourceTree = "<group>"; };
		787D8FA22179317C0058D6CF /* Bundle.swift */ = {isa = PBXFileReference; fileEncoding = 4; lastKnownFileType = sourcecode.swift; path = Bundle.swift; sourceTree = "<group>"; };
		787D8FA32179317C0058D6CF /* Error.swift */ = {isa = PBXFileReference; fileEncoding = 4; lastKnownFileType = sourcecode.swift; path = Error.swift; sourceTree = "<group>"; };
		787D8FA52179317C0058D6CF /* Geometry.swift */ = {isa = PBXFileReference; fileEncoding = 4; lastKnownFileType = sourcecode.swift; path = Geometry.swift; sourceTree = "<group>"; };
		787D8FA72179317C0058D6CF /* DeepLink.swift */ = {isa = PBXFileReference; fileEncoding = 4; lastKnownFileType = sourcecode.swift; path = DeepLink.swift; sourceTree = "<group>"; };
		787D8FA82179317C0058D6CF /* Utils.swift */ = {isa = PBXFileReference; fileEncoding = 4; lastKnownFileType = sourcecode.swift; path = Utils.swift; sourceTree = "<group>"; };
		78CF3A52217FAA04004B5089 /* Localization.swift */ = {isa = PBXFileReference; fileEncoding = 4; lastKnownFileType = sourcecode.swift; path = Localization.swift; sourceTree = "<group>"; };
		78CF3A5C217FBB9E004B5089 /* Collections.swift */ = {isa = PBXFileReference; lastKnownFileType = sourcecode.swift; path = Collections.swift; sourceTree = "<group>"; };
		78CF3A61217FBF8C004B5089 /* Coding.swift */ = {isa = PBXFileReference; lastKnownFileType = sourcecode.swift; path = Coding.swift; sourceTree = "<group>"; };
		78E3B9712182E5A400014165 /* Bool.swift */ = {isa = PBXFileReference; lastKnownFileType = sourcecode.swift; path = Bool.swift; sourceTree = "<group>"; };
		78E3B9732182E5AA00014165 /* Int.swift */ = {isa = PBXFileReference; lastKnownFileType = sourcecode.swift; path = Int.swift; sourceTree = "<group>"; };
		78E3B9752182E5CA00014165 /* Float.swift */ = {isa = PBXFileReference; lastKnownFileType = sourcecode.swift; path = Float.swift; sourceTree = "<group>"; };
		78E3B9772182E5CF00014165 /* Double.swift */ = {isa = PBXFileReference; lastKnownFileType = sourcecode.swift; path = Double.swift; sourceTree = "<group>"; };
/* End PBXFileReference section */

/* Begin PBXFrameworksBuildPhase section */
		787D8E6721792A7D0058D6CF /* Frameworks */ = {
			isa = PBXFrameworksBuildPhase;
			buildActionMask = 2147483647;
			files = (
			);
			runOnlyForDeploymentPostprocessing = 0;
		};
		787D8E7421792A8A0058D6CF /* Frameworks */ = {
			isa = PBXFrameworksBuildPhase;
			buildActionMask = 2147483647;
			files = (
			);
			runOnlyForDeploymentPostprocessing = 0;
		};
		787D8E8121792A940058D6CF /* Frameworks */ = {
			isa = PBXFrameworksBuildPhase;
			buildActionMask = 2147483647;
			files = (
			);
			runOnlyForDeploymentPostprocessing = 0;
		};
		787D8E8E21792AB10058D6CF /* Frameworks */ = {
			isa = PBXFrameworksBuildPhase;
			buildActionMask = 2147483647;
			files = (
			);
			runOnlyForDeploymentPostprocessing = 0;
		};
		787D8E9A21792ABE0058D6CF /* Frameworks */ = {
			isa = PBXFrameworksBuildPhase;
			buildActionMask = 2147483647;
			files = (
			);
			runOnlyForDeploymentPostprocessing = 0;
		};
/* End PBXFrameworksBuildPhase section */

/* Begin PBXGroup section */
		787D8E5021792A5F0058D6CF = {
			isa = PBXGroup;
			children = (
				787D8E5C21792A5F0058D6CF /* DCUtils */,
				787D8E6B21792A7D0058D6CF /* DCUtils-iOS */,
				787D8E7821792A8A0058D6CF /* DCUtils-macOS */,
				787D8E8521792A940058D6CF /* DCUtils-watchOS */,
				787D8E9221792AB10058D6CF /* DCUtils-tvOS */,
				787D8E9E21792ABF0058D6CF /* TestApp-iOS */,
				787D8E5B21792A5F0058D6CF /* Products */,
			);
			sourceTree = "<group>";
		};
		787D8E5B21792A5F0058D6CF /* Products */ = {
			isa = PBXGroup;
			children = (
				787D8E6A21792A7D0058D6CF /* DCUtils.framework */,
				787D8E7721792A8A0058D6CF /* DCUtils.framework */,
				787D8E8421792A940058D6CF /* DCUtils.framework */,
				787D8E9121792AB10058D6CF /* DCUtils.framework */,
				787D8E9D21792ABE0058D6CF /* TestApp-iOS.app */,
			);
			name = Products;
			sourceTree = "<group>";
		};
		787D8E5C21792A5F0058D6CF /* DCUtils */ = {
			isa = PBXGroup;
			children = (
				787D8FA82179317C0058D6CF /* Utils.swift */,
				787D8F982179317C0058D6CF /* Runtime.swift */,
				7844651F217BDBC1008F6C9D /* Log.swift */,
				787D8F9E2179317C0058D6CF /* Notification.swift */,
				78CF3A5C217FBB9E004B5089 /* Collections.swift */,
				787D8F9F2179317C0058D6CF /* URL.swift */,
				78CF3A61217FBF8C004B5089 /* Coding.swift */,
				787D8F992179317C0058D6CF /* Storage.swift */,
				780755BA2180EF5700BCF19A /* HEX.swift */,
				780755BC2180F0CB00BCF19A /* Validation.swift */,
				780755BE2180F24F00BCF19A /* Crypto.swift */,
				787D8FA12179317C0058D6CF /* UserDefaults.swift */,
				787D8FA22179317C0058D6CF /* Bundle.swift */,
				781F79F3219D294200431263 /* Pair.swift */,
				780755C021810FB500BCF19A /* Transformable.swift */,
				78E3B9702182E55100014165 /* Types */,
				78CF3A51217FAA04004B5089 /* Localization */,
				787D8FA42179317C0058D6CF /* Classes */,
			);
			path = DCUtils;
			sourceTree = "<group>";
		};
		787D8E6B21792A7D0058D6CF /* DCUtils-iOS */ = {
			isa = PBXGroup;
			children = (
				787D8E6C21792A7D0058D6CF /* DCUtils_iOS.h */,
				787D8E6D21792A7D0058D6CF /* Info.plist */,
			);
			path = "DCUtils-iOS";
			sourceTree = "<group>";
		};
		787D8E7821792A8A0058D6CF /* DCUtils-macOS */ = {
			isa = PBXGroup;
			children = (
				787D8E7921792A8A0058D6CF /* DCUtils_macOS.h */,
				787D8E7A21792A8A0058D6CF /* Info.plist */,
			);
			path = "DCUtils-macOS";
			sourceTree = "<group>";
		};
		787D8E8521792A940058D6CF /* DCUtils-watchOS */ = {
			isa = PBXGroup;
			children = (
				787D8E8621792A940058D6CF /* DCUtils_watchOS.h */,
				787D8E8721792A940058D6CF /* Info.plist */,
			);
			path = "DCUtils-watchOS";
			sourceTree = "<group>";
		};
		787D8E9221792AB10058D6CF /* DCUtils-tvOS */ = {
			isa = PBXGroup;
			children = (
				787D8E9321792AB10058D6CF /* DCUtils_tvOS.h */,
				787D8E9421792AB10058D6CF /* Info.plist */,
			);
			path = "DCUtils-tvOS";
			sourceTree = "<group>";
		};
		787D8E9E21792ABF0058D6CF /* TestApp-iOS */ = {
			isa = PBXGroup;
			children = (
				787D8E9F21792ABF0058D6CF /* AppDelegate.swift */,
				787D8EA121792ABF0058D6CF /* ViewController.swift */,
				787D8EA321792ABF0058D6CF /* Main.storyboard */,
				787D8EA621792ABF0058D6CF /* Assets.xcassets */,
				787D8EA821792ABF0058D6CF /* LaunchScreen.storyboard */,
				787D8EAB21792ABF0058D6CF /* Info.plist */,
				7823A2302182448E00C1D158 /* Transform.swift */,
				7823A232218246D000C1D158 /* Localizable.strings */,
				7823A23421824BE400C1D158 /* OperatorsAutogen.swift */,
			);
			path = "TestApp-iOS";
			sourceTree = "<group>";
		};
		787D8FA42179317C0058D6CF /* Classes */ = {
			isa = PBXGroup;
			children = (
				787D8FA52179317C0058D6CF /* Geometry.swift */,
				787D8FA72179317C0058D6CF /* DeepLink.swift */,
			);
			path = Classes;
			sourceTree = "<group>";
		};
		78CF3A51217FAA04004B5089 /* Localization */ = {
			isa = PBXGroup;
			children = (
				787D8F972179317C0058D6CF /* Locale.swift */,
				78CF3A52217FAA04004B5089 /* Localization.swift */,
			);
			path = Localization;
			sourceTree = "<group>";
		};
		78E3B9702182E55100014165 /* Types */ = {
			isa = PBXGroup;
			children = (
				787D8FA32179317C0058D6CF /* Error.swift */,
				787D8F942179317C0058D6CF /* Date.swift */,
				787D8F962179317C0058D6CF /* Data.swift */,
				787D8FA02179317C0058D6CF /* String.swift */,
				787D8F9A2179317C0058D6CF /* Numbers.swift */,
				78E3B9712182E5A400014165 /* Bool.swift */,
				78E3B9732182E5AA00014165 /* Int.swift */,
				78E3B9752182E5CA00014165 /* Float.swift */,
				78E3B9772182E5CF00014165 /* Double.swift */,
			);
			path = Types;
			sourceTree = "<group>";
		};
/* End PBXGroup section */

/* Begin PBXHeadersBuildPhase section */
		787D8E6521792A7D0058D6CF /* Headers */ = {
			isa = PBXHeadersBuildPhase;
			buildActionMask = 2147483647;
			files = (
				787D8E6E21792A7D0058D6CF /* DCUtils_iOS.h in Headers */,
			);
			runOnlyForDeploymentPostprocessing = 0;
		};
		787D8E7221792A8A0058D6CF /* Headers */ = {
			isa = PBXHeadersBuildPhase;
			buildActionMask = 2147483647;
			files = (
				787D8E7B21792A8A0058D6CF /* DCUtils_macOS.h in Headers */,
			);
			runOnlyForDeploymentPostprocessing = 0;
		};
		787D8E7F21792A940058D6CF /* Headers */ = {
			isa = PBXHeadersBuildPhase;
			buildActionMask = 2147483647;
			files = (
				787D8E8821792A940058D6CF /* DCUtils_watchOS.h in Headers */,
			);
			runOnlyForDeploymentPostprocessing = 0;
		};
		787D8E8C21792AB10058D6CF /* Headers */ = {
			isa = PBXHeadersBuildPhase;
			buildActionMask = 2147483647;
			files = (
				787D8E9521792AB10058D6CF /* DCUtils_tvOS.h in Headers */,
			);
			runOnlyForDeploymentPostprocessing = 0;
		};
/* End PBXHeadersBuildPhase section */

/* Begin PBXNativeTarget section */
		787D8E6921792A7D0058D6CF /* DCUtils-iOS */ = {
			isa = PBXNativeTarget;
			buildConfigurationList = 787D8E7121792A7D0058D6CF /* Build configuration list for PBXNativeTarget "DCUtils-iOS" */;
			buildPhases = (
				787D8E6521792A7D0058D6CF /* Headers */,
				787D8E6621792A7D0058D6CF /* Sources */,
				787D8E6721792A7D0058D6CF /* Frameworks */,
				787D8E6821792A7D0058D6CF /* Resources */,
			);
			buildRules = (
			);
			dependencies = (
			);
			name = "DCUtils-iOS";
			productName = "DCUtils-iOS";
			productReference = 787D8E6A21792A7D0058D6CF /* DCUtils.framework */;
			productType = "com.apple.product-type.framework";
		};
		787D8E7621792A8A0058D6CF /* DCUtils-macOS */ = {
			isa = PBXNativeTarget;
			buildConfigurationList = 787D8E7C21792A8A0058D6CF /* Build configuration list for PBXNativeTarget "DCUtils-macOS" */;
			buildPhases = (
				787D8E7221792A8A0058D6CF /* Headers */,
				787D8E7321792A8A0058D6CF /* Sources */,
				787D8E7421792A8A0058D6CF /* Frameworks */,
				787D8E7521792A8A0058D6CF /* Resources */,
			);
			buildRules = (
			);
			dependencies = (
			);
			name = "DCUtils-macOS";
			productName = "DCUtils-macOS";
			productReference = 787D8E7721792A8A0058D6CF /* DCUtils.framework */;
			productType = "com.apple.product-type.framework";
		};
		787D8E8321792A940058D6CF /* DCUtils-watchOS */ = {
			isa = PBXNativeTarget;
			buildConfigurationList = 787D8E8921792A940058D6CF /* Build configuration list for PBXNativeTarget "DCUtils-watchOS" */;
			buildPhases = (
				787D8E7F21792A940058D6CF /* Headers */,
				787D8E8021792A940058D6CF /* Sources */,
				787D8E8121792A940058D6CF /* Frameworks */,
				787D8E8221792A940058D6CF /* Resources */,
			);
			buildRules = (
			);
			dependencies = (
			);
			name = "DCUtils-watchOS";
			productName = "DCUtils-watchOS";
			productReference = 787D8E8421792A940058D6CF /* DCUtils.framework */;
			productType = "com.apple.product-type.framework";
		};
		787D8E9021792AB10058D6CF /* DCUtils-tvOS */ = {
			isa = PBXNativeTarget;
			buildConfigurationList = 787D8E9621792AB10058D6CF /* Build configuration list for PBXNativeTarget "DCUtils-tvOS" */;
			buildPhases = (
				787D8E8C21792AB10058D6CF /* Headers */,
				787D8E8D21792AB10058D6CF /* Sources */,
				787D8E8E21792AB10058D6CF /* Frameworks */,
				787D8E8F21792AB10058D6CF /* Resources */,
			);
			buildRules = (
			);
			dependencies = (
			);
			name = "DCUtils-tvOS";
			productName = "DCUtils-tvOS";
			productReference = 787D8E9121792AB10058D6CF /* DCUtils.framework */;
			productType = "com.apple.product-type.framework";
		};
		787D8E9C21792ABE0058D6CF /* TestApp-iOS */ = {
			isa = PBXNativeTarget;
			buildConfigurationList = 787D8EAC21792ABF0058D6CF /* Build configuration list for PBXNativeTarget "TestApp-iOS" */;
			buildPhases = (
				787D8E9921792ABE0058D6CF /* Sources */,
				787D8E9A21792ABE0058D6CF /* Frameworks */,
				787D8E9B21792ABE0058D6CF /* Resources */,
			);
			buildRules = (
			);
			dependencies = (
			);
			name = "TestApp-iOS";
			productName = "TestApp-iOS";
			productReference = 787D8E9D21792ABE0058D6CF /* TestApp-iOS.app */;
			productType = "com.apple.product-type.application";
		};
/* End PBXNativeTarget section */

/* Begin PBXProject section */
		787D8E5121792A5F0058D6CF /* Project object */ = {
			isa = PBXProject;
			attributes = {
				LastSwiftUpdateCheck = 1000;
				LastUpgradeCheck = 1000;
				ORGANIZATIONNAME = "Igor Danich";
				TargetAttributes = {
					787D8E6921792A7D0058D6CF = {
						CreatedOnToolsVersion = 10.0;
					};
					787D8E7621792A8A0058D6CF = {
						CreatedOnToolsVersion = 10.0;
					};
					787D8E8321792A940058D6CF = {
						CreatedOnToolsVersion = 10.0;
					};
					787D8E9021792AB10058D6CF = {
						CreatedOnToolsVersion = 10.0;
					};
					787D8E9C21792ABE0058D6CF = {
						CreatedOnToolsVersion = 10.0;
					};
				};
			};
			buildConfigurationList = 787D8E5421792A5F0058D6CF /* Build configuration list for PBXProject "DCUtils" */;
			compatibilityVersion = "Xcode 9.3";
			developmentRegion = en;
			hasScannedForEncodings = 0;
			knownRegions = (
				en,
				Base,
			);
			mainGroup = 787D8E5021792A5F0058D6CF;
			productRefGroup = 787D8E5B21792A5F0058D6CF /* Products */;
			projectDirPath = "";
			projectRoot = "";
			targets = (
				787D8E6921792A7D0058D6CF /* DCUtils-iOS */,
				787D8E7621792A8A0058D6CF /* DCUtils-macOS */,
				787D8E8321792A940058D6CF /* DCUtils-watchOS */,
				787D8E9021792AB10058D6CF /* DCUtils-tvOS */,
				787D8E9C21792ABE0058D6CF /* TestApp-iOS */,
			);
		};
/* End PBXProject section */

/* Begin PBXResourcesBuildPhase section */
		787D8E6821792A7D0058D6CF /* Resources */ = {
			isa = PBXResourcesBuildPhase;
			buildActionMask = 2147483647;
			files = (
			);
			runOnlyForDeploymentPostprocessing = 0;
		};
		787D8E7521792A8A0058D6CF /* Resources */ = {
			isa = PBXResourcesBuildPhase;
			buildActionMask = 2147483647;
			files = (
			);
			runOnlyForDeploymentPostprocessing = 0;
		};
		787D8E8221792A940058D6CF /* Resources */ = {
			isa = PBXResourcesBuildPhase;
			buildActionMask = 2147483647;
			files = (
			);
			runOnlyForDeploymentPostprocessing = 0;
		};
		787D8E8F21792AB10058D6CF /* Resources */ = {
			isa = PBXResourcesBuildPhase;
			buildActionMask = 2147483647;
			files = (
			);
			runOnlyForDeploymentPostprocessing = 0;
		};
		787D8E9B21792ABE0058D6CF /* Resources */ = {
			isa = PBXResourcesBuildPhase;
			buildActionMask = 2147483647;
			files = (
				787D8EAA21792ABF0058D6CF /* LaunchScreen.storyboard in Resources */,
				7823A233218246D000C1D158 /* Localizable.strings in Resources */,
				787D8EA721792ABF0058D6CF /* Assets.xcassets in Resources */,
				787D8EA521792ABF0058D6CF /* Main.storyboard in Resources */,
			);
			runOnlyForDeploymentPostprocessing = 0;
		};
/* End PBXResourcesBuildPhase section */

/* Begin PBXSourcesBuildPhase section */
		787D8E6621792A7D0058D6CF /* Sources */ = {
			isa = PBXSourcesBuildPhase;
			buildActionMask = 2147483647;
			files = (
				787D8FE92179317C0058D6CF /* Geometry.swift in Sources */,
				780755BD2180F0CB00BCF19A /* Validation.swift in Sources */,
				78CF3A53217FAA04004B5089 /* Localization.swift in Sources */,
				78CF3A62217FBF8C004B5089 /* Coding.swift in Sources */,
				781F79F4219D294200431263 /* Pair.swift in Sources */,
				780755BB2180EF5700BCF19A /* HEX.swift in Sources */,
				7814D32C21A672AA00190F64 /* Numbers.swift in Sources */,
				7814D33021A672AA00190F64 /* Double.swift in Sources */,
				787D8FB52179317C0058D6CF /* Locale.swift in Sources */,
				7814D32A21A672AA00190F64 /* Data.swift in Sources */,
				7814D33121A672B200190F64 /* Transformable.swift in Sources */,
				787D8FBD2179317C0058D6CF /* Storage.swift in Sources */,
				787D8FF12179317C0058D6CF /* DeepLink.swift in Sources */,
				780755BF2180F24F00BCF19A /* Crypto.swift in Sources */,
				787D8FD12179317C0058D6CF /* Notification.swift in Sources */,
				7814D32B21A672AA00190F64 /* String.swift in Sources */,
				7814D32921A672AA00190F64 /* Date.swift in Sources */,
				787D8FB92179317C0058D6CF /* Runtime.swift in Sources */,
				78446520217BDBC1008F6C9D /* Log.swift in Sources */,
				7814D32D21A672AA00190F64 /* Bool.swift in Sources */,
				787D8FF52179317C0058D6CF /* Utils.swift in Sources */,
				787D8FDD2179317C0058D6CF /* UserDefaults.swift in Sources */,
				787D8FE12179317C0058D6CF /* Bundle.swift in Sources */,
				787D8FD52179317C0058D6CF /* URL.swift in Sources */,
				7814D32F21A672AA00190F64 /* Float.swift in Sources */,
				7814D32E21A672AA00190F64 /* Int.swift in Sources */,
				78CF3A5D217FBB9E004B5089 /* Collections.swift in Sources */,
				7814D32821A672AA00190F64 /* Error.swift in Sources */,
			);
			runOnlyForDeploymentPostprocessing = 0;
		};
		787D8E7321792A8A0058D6CF /* Sources */ = {
			isa = PBXSourcesBuildPhase;
			buildActionMask = 2147483647;
			files = (
				787D8FEA2179317C0058D6CF /* Geometry.swift in Sources */,
				787D8FAA2179317C0058D6CF /* Date.swift in Sources */,
				78CF3A54217FAA04004B5089 /* Localization.swift in Sources */,
				78CF3A63217FBF8C004B5089 /* Coding.swift in Sources */,
				787D8FDA2179317C0058D6CF /* String.swift in Sources */,
				787D8FE62179317C0058D6CF /* Error.swift in Sources */,
				787D8FC22179317C0058D6CF /* Numbers.swift in Sources */,
				787D8FB22179317C0058D6CF /* Data.swift in Sources */,
				78446521217BDBDA008F6C9D /* Log.swift in Sources */,
				781F79F5219D295700431263 /* Pair.swift in Sources */,
				7814D33221A672D300190F64 /* Transformable.swift in Sources */,
				787D8FB62179317C0058D6CF /* Locale.swift in Sources */,
				787D8FBE2179317C0058D6CF /* Storage.swift in Sources */,
				787D8FF22179317C0058D6CF /* DeepLink.swift in Sources */,
				787D8FD22179317C0058D6CF /* Notification.swift in Sources */,
				787D8FBA2179317C0058D6CF /* Runtime.swift in Sources */,
				787D8FF62179317C0058D6CF /* Utils.swift in Sources */,
				787D8FDE2179317C0058D6CF /* UserDefaults.swift in Sources */,
				787D8FE22179317C0058D6CF /* Bundle.swift in Sources */,
				787D8FD62179317C0058D6CF /* URL.swift in Sources */,
				78CF3A5E217FBB9E004B5089 /* Collections.swift in Sources */,
			);
			runOnlyForDeploymentPostprocessing = 0;
		};
		787D8E8021792A940058D6CF /* Sources */ = {
			isa = PBXSourcesBuildPhase;
			buildActionMask = 2147483647;
			files = (
				787D8FEB2179317C0058D6CF /* Geometry.swift in Sources */,
				787D8FAB2179317C0058D6CF /* Date.swift in Sources */,
				78CF3A55217FAA04004B5089 /* Localization.swift in Sources */,
				78CF3A64217FBF8C004B5089 /* Coding.swift in Sources */,
				787D8FDB2179317C0058D6CF /* String.swift in Sources */,
				787D8FE72179317C0058D6CF /* Error.swift in Sources */,
				787D8FC32179317C0058D6CF /* Numbers.swift in Sources */,
				787D8FB32179317C0058D6CF /* Data.swift in Sources */,
				78446522217BDBDA008F6C9D /* Log.swift in Sources */,
				781F79F6219D295800431263 /* Pair.swift in Sources */,
				7814D33321A672D400190F64 /* Transformable.swift in Sources */,
				787D8FB72179317C0058D6CF /* Locale.swift in Sources */,
				787D8FBF2179317C0058D6CF /* Storage.swift in Sources */,
				787D8FF32179317C0058D6CF /* DeepLink.swift in Sources */,
				787D8FD32179317C0058D6CF /* Notification.swift in Sources */,
				787D8FBB2179317C0058D6CF /* Runtime.swift in Sources */,
				787D8FF72179317C0058D6CF /* Utils.swift in Sources */,
				787D8FDF2179317C0058D6CF /* UserDefaults.swift in Sources */,
				787D8FE32179317C0058D6CF /* Bundle.swift in Sources */,
				787D8FD72179317C0058D6CF /* URL.swift in Sources */,
				78CF3A5F217FBB9E004B5089 /* Collections.swift in Sources */,
			);
			runOnlyForDeploymentPostprocessing = 0;
		};
		787D8E8D21792AB10058D6CF /* Sources */ = {
			isa = PBXSourcesBuildPhase;
			buildActionMask = 2147483647;
			files = (
				787D8FEC2179317C0058D6CF /* Geometry.swift in Sources */,
				787D8FAC2179317C0058D6CF /* Date.swift in Sources */,
				78CF3A56217FAA04004B5089 /* Localization.swift in Sources */,
				78CF3A65217FBF8C004B5089 /* Coding.swift in Sources */,
				787D8FDC2179317C0058D6CF /* String.swift in Sources */,
				787D8FE82179317C0058D6CF /* Error.swift in Sources */,
				787D8FC42179317C0058D6CF /* Numbers.swift in Sources */,
				787D8FB42179317C0058D6CF /* Data.swift in Sources */,
				78446523217BDBDB008F6C9D /* Log.swift in Sources */,
				781F79F7219D295800431263 /* Pair.swift in Sources */,
				7814D33421A672D500190F64 /* Transformable.swift in Sources */,
				787D8FB82179317C0058D6CF /* Locale.swift in Sources */,
				787D8FC02179317C0058D6CF /* Storage.swift in Sources */,
				787D8FF42179317C0058D6CF /* DeepLink.swift in Sources */,
				787D8FD42179317C0058D6CF /* Notification.swift in Sources */,
				787D8FBC2179317C0058D6CF /* Runtime.swift in Sources */,
				787D8FF82179317C0058D6CF /* Utils.swift in Sources */,
				787D8FE02179317C0058D6CF /* UserDefaults.swift in Sources */,
				787D8FE42179317C0058D6CF /* Bundle.swift in Sources */,
				787D8FD82179317C0058D6CF /* URL.swift in Sources */,
				78CF3A60217FBB9E004B5089 /* Collections.swift in Sources */,
			);
			runOnlyForDeploymentPostprocessing = 0;
		};
		787D8E9921792ABE0058D6CF /* Sources */ = {
			isa = PBXSourcesBuildPhase;
			buildActionMask = 2147483647;
			files = (
				787D8EA221792ABF0058D6CF /* ViewController.swift in Sources */,
				7823A2312182448E00C1D158 /* Transform.swift in Sources */,
				7823A23521824BE400C1D158 /* OperatorsAutogen.swift in Sources */,
				787D8EA021792ABF0058D6CF /* AppDelegate.swift in Sources */,
			);
			runOnlyForDeploymentPostprocessing = 0;
		};
/* End PBXSourcesBuildPhase section */

/* Begin PBXVariantGroup section */
		787D8EA321792ABF0058D6CF /* Main.storyboard */ = {
			isa = PBXVariantGroup;
			children = (
				787D8EA421792ABF0058D6CF /* Base */,
			);
			name = Main.storyboard;
			sourceTree = "<group>";
		};
		787D8EA821792ABF0058D6CF /* LaunchScreen.storyboard */ = {
			isa = PBXVariantGroup;
			children = (
				787D8EA921792ABF0058D6CF /* Base */,
			);
			name = LaunchScreen.storyboard;
			sourceTree = "<group>";
		};
/* End PBXVariantGroup section */

/* Begin XCBuildConfiguration section */
		787D8E6021792A5F0058D6CF /* Debug */ = {
			isa = XCBuildConfiguration;
			buildSettings = {
				ALWAYS_SEARCH_USER_PATHS = NO;
				CLANG_ANALYZER_NONNULL = YES;
				CLANG_ANALYZER_NUMBER_OBJECT_CONVERSION = YES_AGGRESSIVE;
				CLANG_CXX_LANGUAGE_STANDARD = "gnu++14";
				CLANG_CXX_LIBRARY = "libc++";
				CLANG_ENABLE_MODULES = YES;
				CLANG_ENABLE_OBJC_ARC = YES;
				CLANG_ENABLE_OBJC_WEAK = YES;
				CLANG_WARN_BLOCK_CAPTURE_AUTORELEASING = YES;
				CLANG_WARN_BOOL_CONVERSION = YES;
				CLANG_WARN_COMMA = YES;
				CLANG_WARN_CONSTANT_CONVERSION = YES;
				CLANG_WARN_DEPRECATED_OBJC_IMPLEMENTATIONS = YES;
				CLANG_WARN_DIRECT_OBJC_ISA_USAGE = YES_ERROR;
				CLANG_WARN_DOCUMENTATION_COMMENTS = YES;
				CLANG_WARN_EMPTY_BODY = YES;
				CLANG_WARN_ENUM_CONVERSION = YES;
				CLANG_WARN_INFINITE_RECURSION = YES;
				CLANG_WARN_INT_CONVERSION = YES;
				CLANG_WARN_NON_LITERAL_NULL_CONVERSION = YES;
				CLANG_WARN_OBJC_IMPLICIT_RETAIN_SELF = YES;
				CLANG_WARN_OBJC_LITERAL_CONVERSION = YES;
				CLANG_WARN_OBJC_ROOT_CLASS = YES_ERROR;
				CLANG_WARN_RANGE_LOOP_ANALYSIS = YES;
				CLANG_WARN_STRICT_PROTOTYPES = YES;
				CLANG_WARN_SUSPICIOUS_MOVE = YES;
				CLANG_WARN_UNGUARDED_AVAILABILITY = YES_AGGRESSIVE;
				CLANG_WARN_UNREACHABLE_CODE = YES;
				CLANG_WARN__DUPLICATE_METHOD_MATCH = YES;
				CODE_SIGN_IDENTITY = "iPhone Developer";
				COPY_PHASE_STRIP = NO;
				CURRENT_PROJECT_VERSION = 1;
				DEBUG_INFORMATION_FORMAT = dwarf;
				ENABLE_STRICT_OBJC_MSGSEND = YES;
				ENABLE_TESTABILITY = YES;
				GCC_C_LANGUAGE_STANDARD = gnu11;
				GCC_DYNAMIC_NO_PIC = NO;
				GCC_NO_COMMON_BLOCKS = YES;
				GCC_OPTIMIZATION_LEVEL = 0;
				GCC_PREPROCESSOR_DEFINITIONS = (
					"DEBUG=1",
					"$(inherited)",
				);
				GCC_WARN_64_TO_32_BIT_CONVERSION = YES;
				GCC_WARN_ABOUT_RETURN_TYPE = YES_ERROR;
				GCC_WARN_UNDECLARED_SELECTOR = YES;
				GCC_WARN_UNINITIALIZED_AUTOS = YES_AGGRESSIVE;
				GCC_WARN_UNUSED_FUNCTION = YES;
				GCC_WARN_UNUSED_VARIABLE = YES;
				IPHONEOS_DEPLOYMENT_TARGET = 12.0;
				MTL_ENABLE_DEBUG_INFO = INCLUDE_SOURCE;
				MTL_FAST_MATH = YES;
				ONLY_ACTIVE_ARCH = YES;
				SDKROOT = iphoneos;
				SWIFT_ACTIVE_COMPILATION_CONDITIONS = DEBUG;
				SWIFT_OPTIMIZATION_LEVEL = "-Onone";
				VERSIONING_SYSTEM = "apple-generic";
				VERSION_INFO_PREFIX = "";
			};
			name = Debug;
		};
		787D8E6121792A5F0058D6CF /* Release */ = {
			isa = XCBuildConfiguration;
			buildSettings = {
				ALWAYS_SEARCH_USER_PATHS = NO;
				CLANG_ANALYZER_NONNULL = YES;
				CLANG_ANALYZER_NUMBER_OBJECT_CONVERSION = YES_AGGRESSIVE;
				CLANG_CXX_LANGUAGE_STANDARD = "gnu++14";
				CLANG_CXX_LIBRARY = "libc++";
				CLANG_ENABLE_MODULES = YES;
				CLANG_ENABLE_OBJC_ARC = YES;
				CLANG_ENABLE_OBJC_WEAK = YES;
				CLANG_WARN_BLOCK_CAPTURE_AUTORELEASING = YES;
				CLANG_WARN_BOOL_CONVERSION = YES;
				CLANG_WARN_COMMA = YES;
				CLANG_WARN_CONSTANT_CONVERSION = YES;
				CLANG_WARN_DEPRECATED_OBJC_IMPLEMENTATIONS = YES;
				CLANG_WARN_DIRECT_OBJC_ISA_USAGE = YES_ERROR;
				CLANG_WARN_DOCUMENTATION_COMMENTS = YES;
				CLANG_WARN_EMPTY_BODY = YES;
				CLANG_WARN_ENUM_CONVERSION = YES;
				CLANG_WARN_INFINITE_RECURSION = YES;
				CLANG_WARN_INT_CONVERSION = YES;
				CLANG_WARN_NON_LITERAL_NULL_CONVERSION = YES;
				CLANG_WARN_OBJC_IMPLICIT_RETAIN_SELF = YES;
				CLANG_WARN_OBJC_LITERAL_CONVERSION = YES;
				CLANG_WARN_OBJC_ROOT_CLASS = YES_ERROR;
				CLANG_WARN_RANGE_LOOP_ANALYSIS = YES;
				CLANG_WARN_STRICT_PROTOTYPES = YES;
				CLANG_WARN_SUSPICIOUS_MOVE = YES;
				CLANG_WARN_UNGUARDED_AVAILABILITY = YES_AGGRESSIVE;
				CLANG_WARN_UNREACHABLE_CODE = YES;
				CLANG_WARN__DUPLICATE_METHOD_MATCH = YES;
				CODE_SIGN_IDENTITY = "iPhone Developer";
				COPY_PHASE_STRIP = NO;
				CURRENT_PROJECT_VERSION = 1;
				DEBUG_INFORMATION_FORMAT = "dwarf-with-dsym";
				ENABLE_NS_ASSERTIONS = NO;
				ENABLE_STRICT_OBJC_MSGSEND = YES;
				GCC_C_LANGUAGE_STANDARD = gnu11;
				GCC_NO_COMMON_BLOCKS = YES;
				GCC_WARN_64_TO_32_BIT_CONVERSION = YES;
				GCC_WARN_ABOUT_RETURN_TYPE = YES_ERROR;
				GCC_WARN_UNDECLARED_SELECTOR = YES;
				GCC_WARN_UNINITIALIZED_AUTOS = YES_AGGRESSIVE;
				GCC_WARN_UNUSED_FUNCTION = YES;
				GCC_WARN_UNUSED_VARIABLE = YES;
				IPHONEOS_DEPLOYMENT_TARGET = 12.0;
				MTL_ENABLE_DEBUG_INFO = NO;
				MTL_FAST_MATH = YES;
				SDKROOT = iphoneos;
				SWIFT_COMPILATION_MODE = wholemodule;
				SWIFT_OPTIMIZATION_LEVEL = "-O";
				VALIDATE_PRODUCT = YES;
				VERSIONING_SYSTEM = "apple-generic";
				VERSION_INFO_PREFIX = "";
			};
			name = Release;
		};
		787D8E6F21792A7D0058D6CF /* Debug */ = {
			isa = XCBuildConfiguration;
			buildSettings = {
				CODE_SIGN_IDENTITY = "";
				CODE_SIGN_STYLE = Automatic;
				DEFINES_MODULE = YES;
				DYLIB_COMPATIBILITY_VERSION = 1;
				DYLIB_CURRENT_VERSION = 1;
				DYLIB_INSTALL_NAME_BASE = "@rpath";
				INFOPLIST_FILE = "DCUtils-iOS/Info.plist";
				INSTALL_PATH = "$(LOCAL_LIBRARY_DIR)/Frameworks";
				IPHONEOS_DEPLOYMENT_TARGET = 10.0;
				LD_RUNPATH_SEARCH_PATHS = (
					"$(inherited)",
					"@executable_path/Frameworks",
					"@loader_path/Frameworks",
				);
				PRODUCT_BUNDLE_IDENTIFIER = com.dclife.utils.ios;
				PRODUCT_MODULE_NAME = DCUtils;
				PRODUCT_NAME = DCUtils;
				SKIP_INSTALL = YES;
				SWIFT_VERSION = 4.2;
				TARGETED_DEVICE_FAMILY = "1,2";
			};
			name = Debug;
		};
		787D8E7021792A7D0058D6CF /* Release */ = {
			isa = XCBuildConfiguration;
			buildSettings = {
				CODE_SIGN_IDENTITY = "";
				CODE_SIGN_STYLE = Automatic;
				DEFINES_MODULE = YES;
				DYLIB_COMPATIBILITY_VERSION = 1;
				DYLIB_CURRENT_VERSION = 1;
				DYLIB_INSTALL_NAME_BASE = "@rpath";
				INFOPLIST_FILE = "DCUtils-iOS/Info.plist";
				INSTALL_PATH = "$(LOCAL_LIBRARY_DIR)/Frameworks";
				IPHONEOS_DEPLOYMENT_TARGET = 10.0;
				LD_RUNPATH_SEARCH_PATHS = (
					"$(inherited)",
					"@executable_path/Frameworks",
					"@loader_path/Frameworks",
				);
				PRODUCT_BUNDLE_IDENTIFIER = com.dclife.utils.ios;
				PRODUCT_MODULE_NAME = DCUtils;
				PRODUCT_NAME = DCUtils;
				SKIP_INSTALL = YES;
				SWIFT_VERSION = 4.2;
				TARGETED_DEVICE_FAMILY = "1,2";
			};
			name = Release;
		};
		787D8E7D21792A8A0058D6CF /* Debug */ = {
			isa = XCBuildConfiguration;
			buildSettings = {
				CODE_SIGN_IDENTITY = "-";
				CODE_SIGN_STYLE = Automatic;
				COMBINE_HIDPI_IMAGES = YES;
				DEFINES_MODULE = YES;
				DYLIB_COMPATIBILITY_VERSION = 1;
				DYLIB_CURRENT_VERSION = 1;
				DYLIB_INSTALL_NAME_BASE = "@rpath";
				FRAMEWORK_VERSION = A;
				INFOPLIST_FILE = "DCUtils-macOS/Info.plist";
				INSTALL_PATH = "$(LOCAL_LIBRARY_DIR)/Frameworks";
				LD_RUNPATH_SEARCH_PATHS = (
					"$(inherited)",
					"@executable_path/../Frameworks",
					"@loader_path/Frameworks",
				);
				MACOSX_DEPLOYMENT_TARGET = 10.14;
				PRODUCT_BUNDLE_IDENTIFIER = com.dclife.utils.macos;
				PRODUCT_MODULE_NAME = DCUtils;
				PRODUCT_NAME = DCUtils;
				SDKROOT = macosx;
				SKIP_INSTALL = YES;
				SWIFT_VERSION = 4.2;
			};
			name = Debug;
		};
		787D8E7E21792A8A0058D6CF /* Release */ = {
			isa = XCBuildConfiguration;
			buildSettings = {
				CODE_SIGN_IDENTITY = "-";
				CODE_SIGN_STYLE = Automatic;
				COMBINE_HIDPI_IMAGES = YES;
				DEFINES_MODULE = YES;
				DYLIB_COMPATIBILITY_VERSION = 1;
				DYLIB_CURRENT_VERSION = 1;
				DYLIB_INSTALL_NAME_BASE = "@rpath";
				FRAMEWORK_VERSION = A;
				INFOPLIST_FILE = "DCUtils-macOS/Info.plist";
				INSTALL_PATH = "$(LOCAL_LIBRARY_DIR)/Frameworks";
				LD_RUNPATH_SEARCH_PATHS = (
					"$(inherited)",
					"@executable_path/../Frameworks",
					"@loader_path/Frameworks",
				);
				MACOSX_DEPLOYMENT_TARGET = 10.14;
				PRODUCT_BUNDLE_IDENTIFIER = com.dclife.utils.macos;
				PRODUCT_MODULE_NAME = DCUtils;
				PRODUCT_NAME = DCUtils;
				SDKROOT = macosx;
				SKIP_INSTALL = YES;
				SWIFT_VERSION = 4.2;
			};
			name = Release;
		};
		787D8E8A21792A940058D6CF /* Debug */ = {
			isa = XCBuildConfiguration;
			buildSettings = {
				APPLICATION_EXTENSION_API_ONLY = YES;
				CODE_SIGN_IDENTITY = "";
				CODE_SIGN_STYLE = Automatic;
				DEFINES_MODULE = YES;
				DYLIB_COMPATIBILITY_VERSION = 1;
				DYLIB_CURRENT_VERSION = 1;
				DYLIB_INSTALL_NAME_BASE = "@rpath";
				INFOPLIST_FILE = "DCUtils-watchOS/Info.plist";
				INSTALL_PATH = "$(LOCAL_LIBRARY_DIR)/Frameworks";
				LD_RUNPATH_SEARCH_PATHS = (
					"$(inherited)",
					"@executable_path/Frameworks",
					"@loader_path/Frameworks",
				);
				PRODUCT_BUNDLE_IDENTIFIER = com.dclife.utils.watchos;
				PRODUCT_MODULE_NAME = DCUtils;
				PRODUCT_NAME = DCUtils;
				SDKROOT = watchos;
				SKIP_INSTALL = YES;
				SWIFT_VERSION = 4.2;
				TARGETED_DEVICE_FAMILY = 4;
				WATCHOS_DEPLOYMENT_TARGET = 5.0;
			};
			name = Debug;
		};
		787D8E8B21792A940058D6CF /* Release */ = {
			isa = XCBuildConfiguration;
			buildSettings = {
				APPLICATION_EXTENSION_API_ONLY = YES;
				CODE_SIGN_IDENTITY = "";
				CODE_SIGN_STYLE = Automatic;
				DEFINES_MODULE = YES;
				DYLIB_COMPATIBILITY_VERSION = 1;
				DYLIB_CURRENT_VERSION = 1;
				DYLIB_INSTALL_NAME_BASE = "@rpath";
				INFOPLIST_FILE = "DCUtils-watchOS/Info.plist";
				INSTALL_PATH = "$(LOCAL_LIBRARY_DIR)/Frameworks";
				LD_RUNPATH_SEARCH_PATHS = (
					"$(inherited)",
					"@executable_path/Frameworks",
					"@loader_path/Frameworks",
				);
				PRODUCT_BUNDLE_IDENTIFIER = com.dclife.utils.watchos;
				PRODUCT_MODULE_NAME = DCUtils;
				PRODUCT_NAME = DCUtils;
				SDKROOT = watchos;
				SKIP_INSTALL = YES;
				SWIFT_VERSION = 4.2;
				TARGETED_DEVICE_FAMILY = 4;
				WATCHOS_DEPLOYMENT_TARGET = 5.0;
			};
			name = Release;
		};
		787D8E9721792AB10058D6CF /* Debug */ = {
			isa = XCBuildConfiguration;
			buildSettings = {
				CODE_SIGN_IDENTITY = "";
				CODE_SIGN_STYLE = Automatic;
				DEFINES_MODULE = YES;
				DYLIB_COMPATIBILITY_VERSION = 1;
				DYLIB_CURRENT_VERSION = 1;
				DYLIB_INSTALL_NAME_BASE = "@rpath";
				INFOPLIST_FILE = "DCUtils-tvOS/Info.plist";
				INSTALL_PATH = "$(LOCAL_LIBRARY_DIR)/Frameworks";
				LD_RUNPATH_SEARCH_PATHS = (
					"$(inherited)",
					"@executable_path/Frameworks",
					"@loader_path/Frameworks",
				);
				PRODUCT_BUNDLE_IDENTIFIER = com.dclife.utils.tvos;
				PRODUCT_MODULE_NAME = DCUtils;
				PRODUCT_NAME = DCUtils;
				SDKROOT = appletvos;
				SKIP_INSTALL = YES;
				SWIFT_VERSION = 4.2;
				TARGETED_DEVICE_FAMILY = 3;
				TVOS_DEPLOYMENT_TARGET = 12.0;
			};
			name = Debug;
		};
		787D8E9821792AB10058D6CF /* Release */ = {
			isa = XCBuildConfiguration;
			buildSettings = {
				CODE_SIGN_IDENTITY = "";
				CODE_SIGN_STYLE = Automatic;
				DEFINES_MODULE = YES;
				DYLIB_COMPATIBILITY_VERSION = 1;
				DYLIB_CURRENT_VERSION = 1;
				DYLIB_INSTALL_NAME_BASE = "@rpath";
				INFOPLIST_FILE = "DCUtils-tvOS/Info.plist";
				INSTALL_PATH = "$(LOCAL_LIBRARY_DIR)/Frameworks";
				LD_RUNPATH_SEARCH_PATHS = (
					"$(inherited)",
					"@executable_path/Frameworks",
					"@loader_path/Frameworks",
				);
				PRODUCT_BUNDLE_IDENTIFIER = com.dclife.utils.tvos;
				PRODUCT_MODULE_NAME = DCUtils;
				PRODUCT_NAME = DCUtils;
				SDKROOT = appletvos;
				SKIP_INSTALL = YES;
				SWIFT_VERSION = 4.2;
				TARGETED_DEVICE_FAMILY = 3;
				TVOS_DEPLOYMENT_TARGET = 12.0;
			};
			name = Release;
		};
		787D8EAD21792ABF0058D6CF /* Debug */ = {
			isa = XCBuildConfiguration;
			buildSettings = {
				ASSETCATALOG_COMPILER_APPICON_NAME = AppIcon;
				CODE_SIGN_STYLE = Automatic;
				INFOPLIST_FILE = "TestApp-iOS/Info.plist";
				LD_RUNPATH_SEARCH_PATHS = (
					"$(inherited)",
					"@executable_path/Frameworks",
				);
				PRODUCT_BUNDLE_IDENTIFIER = "com.dclife.TestApp-iOS";
				PRODUCT_NAME = "$(TARGET_NAME)";
				SWIFT_VERSION = 4.2;
				TARGETED_DEVICE_FAMILY = "1,2";
			};
			name = Debug;
		};
		787D8EAE21792ABF0058D6CF /* Release */ = {
			isa = XCBuildConfiguration;
			buildSettings = {
				ASSETCATALOG_COMPILER_APPICON_NAME = AppIcon;
				CODE_SIGN_STYLE = Automatic;
				INFOPLIST_FILE = "TestApp-iOS/Info.plist";
				LD_RUNPATH_SEARCH_PATHS = (
					"$(inherited)",
					"@executable_path/Frameworks",
				);
				PRODUCT_BUNDLE_IDENTIFIER = "com.dclife.TestApp-iOS";
				PRODUCT_NAME = "$(TARGET_NAME)";
				SWIFT_VERSION = 4.2;
				TARGETED_DEVICE_FAMILY = "1,2";
			};
			name = Release;
		};
/* End XCBuildConfiguration section */

/* Begin XCConfigurationList section */
		787D8E5421792A5F0058D6CF /* Build configuration list for PBXProject "DCUtils" */ = {
			isa = XCConfigurationList;
			buildConfigurations = (
				787D8E6021792A5F0058D6CF /* Debug */,
				787D8E6121792A5F0058D6CF /* Release */,
			);
			defaultConfigurationIsVisible = 0;
			defaultConfigurationName = Release;
		};
		787D8E7121792A7D0058D6CF /* Build configuration list for PBXNativeTarget "DCUtils-iOS" */ = {
			isa = XCConfigurationList;
			buildConfigurations = (
				787D8E6F21792A7D0058D6CF /* Debug */,
				787D8E7021792A7D0058D6CF /* Release */,
			);
			defaultConfigurationIsVisible = 0;
			defaultConfigurationName = Release;
		};
		787D8E7C21792A8A0058D6CF /* Build configuration list for PBXNativeTarget "DCUtils-macOS" */ = {
			isa = XCConfigurationList;
			buildConfigurations = (
				787D8E7D21792A8A0058D6CF /* Debug */,
				787D8E7E21792A8A0058D6CF /* Release */,
			);
			defaultConfigurationIsVisible = 0;
			defaultConfigurationName = Release;
		};
		787D8E8921792A940058D6CF /* Build configuration list for PBXNativeTarget "DCUtils-watchOS" */ = {
			isa = XCConfigurationList;
			buildConfigurations = (
				787D8E8A21792A940058D6CF /* Debug */,
				787D8E8B21792A940058D6CF /* Release */,
			);
			defaultConfigurationIsVisible = 0;
			defaultConfigurationName = Release;
		};
		787D8E9621792AB10058D6CF /* Build configuration list for PBXNativeTarget "DCUtils-tvOS" */ = {
			isa = XCConfigurationList;
			buildConfigurations = (
				787D8E9721792AB10058D6CF /* Debug */,
				787D8E9821792AB10058D6CF /* Release */,
			);
			defaultConfigurationIsVisible = 0;
			defaultConfigurationName = Release;
		};
		787D8EAC21792ABF0058D6CF /* Build configuration list for PBXNativeTarget "TestApp-iOS" */ = {
			isa = XCConfigurationList;
			buildConfigurations = (
				787D8EAD21792ABF0058D6CF /* Debug */,
				787D8EAE21792ABF0058D6CF /* Release */,
			);
			defaultConfigurationIsVisible = 0;
			defaultConfigurationName = Release;
		};
/* End XCConfigurationList section */
	};
	rootObject = 787D8E5121792A5F0058D6CF /* Project object */;
}
